{
  "version": 1,
  "dependencies": {
    ".NETCoreApp,Version=v5.0": {
      "Avalonia": {
        "type": "Direct",
        "requested": "[0.10.5, )",
        "resolved": "0.10.5",
        "contentHash": "TLwRR1s+lAZclErsN3K3eqxHEmnyV7kjis5K/nJKnmh4IyqFQaJFF/3RxMjHuypHseEU/9bjPcAUvPrEfdAJFw==",
        "dependencies": {
          "Avalonia.Remote.Protocol": "0.10.5",
          "JetBrains.Annotations": "10.3.0",
          "System.ComponentModel.Annotations": "4.5.0",
          "System.Memory": "4.5.3",
          "System.Reactive": "5.0.0",
          "System.Runtime.CompilerServices.Unsafe": "4.6.0",
          "System.ValueTuple": "4.5.0"
        }
      },
      "Avalonia.Controls.DataGrid": {
        "type": "Direct",
        "requested": "[0.10.5, )",
        "resolved": "0.10.5",
        "contentHash": "md6xf7MiI9xbYyAXg/A9cEUCSiJa9qkZV0e5II5wvsf57b/LrkfXbRIUQQWX5Io7XO7Ud0ZcjeXqirD4Xf5qTQ==",
        "dependencies": {
          "Avalonia": "0.10.5",
          "Avalonia.Remote.Protocol": "0.10.5",
          "JetBrains.Annotations": "10.3.0",
          "System.Reactive": "5.0.0"
        }
      },
      "Avalonia.Desktop": {
        "type": "Direct",
        "requested": "[0.10.5, )",
        "resolved": "0.10.5",
        "contentHash": "+iLFxPUhGSjsvKgschVQ4VuZgVRCEDuvx4DkHmHyPoOjwyhjaftaXG6UJusOfHGNsrBMG+JLQKYLpveaxzDcDg==",
        "dependencies": {
          "Avalonia": "0.10.5",
          "Avalonia.Native": "0.10.5",
          "Avalonia.Skia": "0.10.5",
          "Avalonia.Win32": "0.10.5",
          "Avalonia.X11": "0.10.5"
        }
      },
      "Avalonia.Diagnostics": {
        "type": "Direct",
        "requested": "[0.10.5, )",
        "resolved": "0.10.5",
        "contentHash": "pvSe3eOAyWYUeKDf2pBOEIg4vZ4QR7X2MBOWpjSiJyJ/3U4FZAb8kAeYzW0AuAZQ0yQ/yM2Z+yO2DgYm9bQckQ==",
        "dependencies": {
          "Avalonia": "0.10.5",
          "Avalonia.Controls.DataGrid": "0.10.5",
          "Microsoft.CodeAnalysis.CSharp.Scripting": "3.4.0",
          "System.Reactive": "5.0.0"
        }
      },
      "Avalonia.ReactiveUI": {
        "type": "Direct",
        "requested": "[0.10.5, )",
        "resolved": "0.10.5",
        "contentHash": "wIHuYhowCZACj6vtWvd1YOZVc5JEhTroylnsRnaCIf0iSrzdbNcDLG+5bAU4Hdu65+En3N3mM1h0lPuLOGYAsw==",
        "dependencies": {
          "Avalonia": "0.10.5",
          "ReactiveUI": "13.2.10",
          "System.Reactive": "5.0.0"
        }
      },
      "ReactiveUI.Fody": {
        "type": "Direct",
        "requested": "[13.3.2, )",
        "resolved": "13.3.2",
        "contentHash": "6Q+El/lnoL/9aZ4uOE0ISb4v3h9YhrhzkkvuX5jfJ1PW5NCXFbiGav6CH51/R9fxXqqAlmerm2fyhsMi/7P3wQ==",
        "dependencies": {
          "Fody": "6.5.1",
          "ReactiveUI": "13.3.2",
          "System.Reactive": "5.0.0"
        }
      },
      "Avalonia.Angle.Windows.Natives": {
        "type": "Transitive",
        "resolved": "2.1.0.2020091801",
        "contentHash": "nGsCPI8FuUknU/e6hZIqlsKRDxClXHZyztmgM8vuwslFC/BIV3LqM2wKefWbr6SORX4Lct4nivhSMkdF/TrKgg=="
      },
      "Avalonia.FreeDesktop": {
        "type": "Transitive",
        "resolved": "0.10.5",
        "contentHash": "W+5f1aDU/iuypOoY4lnrO3688tHOe/aKYN5yaJ8n3MXewJwj+lZvgTyYp4d+XlxdSq1+8cuQh0vGBY9UI98ePw==",
        "dependencies": {
          "Avalonia": "0.10.5",
          "Tmds.DBus": "0.9.0"
        }
      },
      "Avalonia.Native": {
        "type": "Transitive",
        "resolved": "0.10.5",
        "contentHash": "ozWkIgnqRWenSuQonM2sjGzqmyewGIRc+iz+vMpxHLHwzeS4Q52UwuaZuEleDoQCEhutvJ1Qz+b0AsNlElyUaA==",
        "dependencies": {
          "Avalonia": "0.10.5"
        }
      },
      "Avalonia.Remote.Protocol": {
        "type": "Transitive",
        "resolved": "0.10.5",
        "contentHash": "04zKBer9KaK+BapCsJ0oT88TYJHwd3LzCklL9EeRPc6QERrY8JsOogw03VCm9OSAXV2mxj+AthUv0ffK6j5p4w=="
      },
      "Avalonia.Skia": {
        "type": "Transitive",
        "resolved": "0.10.5",
        "contentHash": "RCTLNrJYUEgoomQPZ4uRdo76h1jgRmShTZDU5Y5LIzqKls6d7joo2XZWB4Vq+KZX/1e3OOg6xWZsS2UovXzvKg==",
        "dependencies": {
          "Avalonia": "0.10.5",
          "HarfBuzzSharp": "2.6.1.7",
          "HarfBuzzSharp.NativeAssets.Linux": "2.6.1.7",
          "SkiaSharp": "2.80.2",
          "SkiaSharp.NativeAssets.Linux": "2.80.2"
        }
      },
      "Avalonia.Win32": {
        "type": "Transitive",
        "resolved": "0.10.5",
        "contentHash": "GUh87/lv47tmMLbYN/nEk+NWN6Qr9B2c6S4qNZOBdxDryxfKubkSIjGPpMh3/86FeAB3GL9qpG5eOAuCw1KmYA==",
        "dependencies": {
          "Avalonia": "0.10.5",
          "Avalonia.Angle.Windows.Natives": "2.1.0.2020091801",
          "System.Drawing.Common": "4.5.0",
          "System.Numerics.Vectors": "4.5.0"
        }
      },
      "Avalonia.X11": {
        "type": "Transitive",
        "resolved": "0.10.5",
        "contentHash": "Rwak5oNHRECOWROwT6uxZYT/6ywG6lCRnDVksIvwbAHzx1xV0bGU1novbmmrkUckpRkR/202SD1DnkiUQwh6zg==",
        "dependencies": {
          "Avalonia": "0.10.5",
          "Avalonia.FreeDesktop": "0.10.5",
          "Avalonia.Skia": "0.10.5"
        }
      },
      "DynamicData": {
        "type": "Transitive",
        "resolved": "7.1.16",
        "contentHash": "CMXT1lXzKSW3siHty4sNZO5XUHPWMH51aksCwFIW1u3e3Js0zkMSw9DqgNC3eLoIiOKwUO5gPK0YSg96nHl1bQ==",
        "dependencies": {
          "System.Reactive": "5.0.0"
        }
      },
      "ExtendedXmlSerializer": {
        "type": "Transitive",
        "resolved": "3.7.1",
        "contentHash": "G1RQYBhFKZKiLy/mkMtpE1t/GbY3CL/TwUGSSPZw1WmMQT4lT0wHx4ml7anUDfTCnNO0RGA1gTZJUBJYUjgldg==",
        "dependencies": {
          "LightInject": "6.3.5",
          "NReco.LambdaParser": "1.0.12",
          "Sprache": "2.3.1",
          "System.Collections.Immutable": "1.7.1",
          "System.Interactive": "4.1.1",
          "System.Runtime.CompilerServices.Unsafe": "4.7.1",
          "System.ValueTuple": "4.5.0"
        }
      },
      "FluentValidation": {
        "type": "Transitive",
        "resolved": "10.1.0",
        "contentHash": "RxhhfY9IcEY2qUMYjoUxegInbuE5Bwll7dVLsXpiJf25g0ztmzUK+HHqtPcub1caPemhMJsC+NwjHei+NgAkvA=="
      },
      "Fody": {
        "type": "Transitive",
        "resolved": "6.5.1",
        "contentHash": "DEw9rPG5vrpaK4vPPze0f4q6Zd0mfzjGNKy49nrmINkftIHpkyf8KH+uC/qF8y6v1askPWu9NbJS9bkmN5wXaA=="
      },
      "HarfBuzzSharp": {
        "type": "Transitive",
        "resolved": "2.6.1.7",
        "contentHash": "/ZDcKBMxStEjQs9MpSP3abSBJsdoWzkCQFZ8zRpDFAvblDysHazEhUTRyUYD/fVczlH6jX5V1EYCiITtdPz00w==",
        "dependencies": {
          "System.Memory": "4.5.3"
        }
      },
      "HarfBuzzSharp.NativeAssets.Linux": {
        "type": "Transitive",
        "resolved": "2.6.1.7",
        "contentHash": "Aef8YgAqJ5dW0CNWCtaPNKHdJlhl+w83LmqDpaan9NmmKhG/px6Zta06iu0R2n4RrBHCRDly/Q/6kc0xQOfT9A==",
        "dependencies": {
          "HarfBuzzSharp": "2.6.1.7"
        }
      },
      "JetBrains.Annotations": {
        "type": "Transitive",
        "resolved": "2021.1.0",
        "contentHash": "n9JSw5Z+F+6gp9vSv4aLH6p/bx3GAYA6FZVq1wJq/TJySv/kPgFKLGFeS7A8Xa5X4/GWorh5gd43yjamUgnBNA=="
      },
      "JetBrains.Profiler.Api": {
        "type": "Transitive",
        "resolved": "1.1.7",
        "contentHash": "scN2nYNc7yGUNS3wF6fwuoAKZwWW2aMBHDqeVENrpJjRFKzEOWWrOGzNfr/WZft9+XzIz+ajshrx/dzz8Xp5Ig=="
      },
      "JetBrains.Profiler.SelfApi": {
        "type": "Transitive",
        "resolved": "2.1.1",
        "contentHash": "wvMMwi4RquT4bBELUuAKLylqrp3d0/EN7qnRTBPs98NZVE2pTDeIr6e30ZuNLhPrgDot1hMsAo/ewKhjq8gIlg==",
        "dependencies": {
          "JetBrains.Profiler.Api": "1.1.7"
        }
      },
      "LightInject": {
        "type": "Transitive",
        "resolved": "6.3.5",
        "contentHash": "ri0PjphQnzYeQIXbJj4dCe7wX6/3ZwcKlJO2uz5Y8MjoTAVkTx2V5gDLsVdc1a/6h2oQbapUVrJ74dtU9XsjPQ=="
      },
      "Microsoft.CodeAnalysis.Analyzers": {
        "type": "Transitive",
        "resolved": "2.9.6",
        "contentHash": "Kmms3TxGQMNb95Cu/3K+0bIcMnV4qf/phZBLAB0HUi65rBPxP4JO3aM2LoAcb+DFS600RQJMZ7ZLyYDTbLwJOQ=="
      },
      "Microsoft.CodeAnalysis.Common": {
        "type": "Transitive",
        "resolved": "3.4.0",
        "contentHash": "3ncA7cV+iXGA1VYwe2UEZXcvWyZSlbexWjM9AvocP7sik5UD93qt9Hq0fMRGk0jFRmvmE4T2g+bGfXiBVZEhLw==",
        "dependencies": {
          "Microsoft.CodeAnalysis.Analyzers": "2.9.6",
          "System.Collections.Immutable": "1.5.0",
          "System.Memory": "4.5.3",
          "System.Reflection.Metadata": "1.6.0",
          "System.Runtime.CompilerServices.Unsafe": "4.5.2",
          "System.Text.Encoding.CodePages": "4.5.1",
          "System.Threading.Tasks.Extensions": "4.5.3"
        }
      },
      "Microsoft.CodeAnalysis.CSharp": {
        "type": "Transitive",
        "resolved": "3.4.0",
        "contentHash": "/LsTtgcMN6Tu1oo7/WYbRAHL4/ubXC/miEakwTpcZKJKtFo7D0AK95Hw0dbGxul6C8WJu60v6NP2435TDYZM+Q==",
        "dependencies": {
          "Microsoft.CodeAnalysis.Common": "[3.4.0]"
        }
      },
      "Microsoft.CodeAnalysis.CSharp.Scripting": {
        "type": "Transitive",
        "resolved": "3.4.0",
        "contentHash": "tLgqc76qXHmONUhWhxo7z3TcL/LmGFWIUJm1exbQmVJohuQvJnejUMxmVkdxDfMuMZU1fIyJXPZ6Fkp4FEneAg==",
        "dependencies": {
          "Microsoft.CSharp": "4.3.0",
          "Microsoft.CodeAnalysis.CSharp": "[3.4.0]",
          "Microsoft.CodeAnalysis.Common": "[3.4.0]",
          "Microsoft.CodeAnalysis.Scripting.Common": "[3.4.0]"
        }
      },
      "Microsoft.CodeAnalysis.Scripting.Common": {
        "type": "Transitive",
        "resolved": "3.4.0",
        "contentHash": "+b6I3DZL2zvck+B/E/aiOveakj5U2G2BcYODQxcGh2IDbatNU3XXxGT1HumkWB5uIZI2Leu0opBgBpjScmjGMA==",
        "dependencies": {
          "Microsoft.CodeAnalysis.Common": "[3.4.0]"
        }
      },
      "Microsoft.CSharp": {
        "type": "Transitive",
        "resolved": "4.3.0",
        "contentHash": "P+MBhIM0YX+JqROuf7i306ZLJEjQYA9uUyRDE+OqwUI5sh41e2ZbPQV3LfAPh+29cmceE1pUffXsGfR4eMY3KA==",
        "dependencies": {
          "System.Collections": "4.3.0",
          "System.Diagnostics.Debug": "4.3.0",
          "System.Dynamic.Runtime": "4.3.0",
          "System.Globalization": "4.3.0",
          "System.Linq": "4.3.0",
          "System.Linq.Expressions": "4.3.0",
          "System.ObjectModel": "4.3.0",
          "System.Reflection": "4.3.0",
          "System.Reflection.Extensions": "4.3.0",
          "System.Reflection.Primitives": "4.3.0",
          "System.Reflection.TypeExtensions": "4.3.0",
          "System.Resources.ResourceManager": "4.3.0",
          "System.Runtime": "4.3.0",
          "System.Runtime.Extensions": "4.3.0",
          "System.Runtime.InteropServices": "4.3.0",
          "System.Threading": "4.3.0"
        }
      },
      "Microsoft.NETCore.Platforms": {
        "type": "Transitive",
        "resolved": "5.0.0",
        "contentHash": "VyPlqzH2wavqquTcYpkIIAQ6WdenuKoFN0BdYBbCWsclXacSOHNQn66Gt4z5NBqEYW0FAPm5rlvki9ZiCij5xQ=="
      },
      "Microsoft.NETCore.Targets": {
        "type": "Transitive",
        "resolved": "1.1.3",
        "contentHash": "3Wrmi0kJDzClwAC+iBdUBpEKmEle8FQNsCs77fkiOIw/9oYA07bL1EZNX0kQ2OMN3xpwvl0vAtOCYY3ndDNlhQ=="
      },
      "Microsoft.Win32.SystemEvents": {
        "type": "Transitive",
        "resolved": "4.5.0",
        "contentHash": "LuI1oG+24TUj1ZRQQjM5Ew73BKnZE5NZ/7eAdh1o8ST5dPhUnJvIkiIn2re3MwnkRy6ELRnvEbBxHP8uALKhJw==",
        "dependencies": {
          "Microsoft.NETCore.Platforms": "2.0.0"
        }
      },
      "NReco.LambdaParser": {
        "type": "Transitive",
        "resolved": "1.0.12",
        "contentHash": "f1nye8fMJCYfJeR+Qb7qlcvC8et4Y4TLf2GLfaFoeISgI+yisaJkbNSGfKCpFBNeVF/iPDkyFmr4J28dv342/Q=="
      },
      "ReactiveUI": {
        "type": "Transitive",
        "resolved": "13.3.2",
        "contentHash": "+XJGnk+u7ZuYuAaBVfs0X3nLZ6g4ysiZrVou7ndVJYOUFeUW0jyfaMl3TfOqpr/afQNaIw8nY6yOwtI6HGkgsQ==",
        "dependencies": {
          "DynamicData": "7.1.16",
          "Splat": "11.1.1",
          "System.Reactive": "5.0.0",
          "System.Runtime.Serialization.Primitives": "4.3.0"
        }
      },
      "SharpZipLib": {
        "type": "Transitive",
        "resolved": "1.3.2",
        "contentHash": "WSdeDReL8eugMCw5BH/tFAZpgR+YsYMwm6kIvqg3J8LbfRjbbebmEzn63AbEveqyMOljBO68g6tCCv165wMkSg=="
      },
      "SkiaSharp": {
        "type": "Transitive",
        "resolved": "2.80.2",
        "contentHash": "D25rzdCwh+3L+XyXqpNa+H/yiLJbE3/R3K/XexwHyQjGdzZvSufFW3oqf3En7hhqSIsxsJ8f5NEZ0J5W5wlGBg==",
        "dependencies": {
          "System.Memory": "4.5.3"
        }
      },
      "SkiaSharp.NativeAssets.Linux": {
        "type": "Transitive",
        "resolved": "2.80.2",
        "contentHash": "uQSxFy5iVTK6tENWrlc+HCKGSCLgJ+d2KGXUlC1OMCXlKOVkzMqdwa0gMukrEA6HYdO+qk6IUq3ya4fk70EB4g==",
        "dependencies": {
          "SkiaSharp": "2.80.2"
        }
      },
      "Splat": {
        "type": "Transitive",
        "resolved": "11.1.1",
        "contentHash": "qIgixm6tg+6Sztd5BM36Y+sRWdmzlCV2TYnViOSwqvOGAMaYYE9EhIaKHLbZHn6KXWAML8GMGx0kaosUMUA0rA=="
      },
      "Sprache": {
        "type": "Transitive",
        "resolved": "2.3.1",
        "contentHash": "Q+mXeiTxiUYG3lKYF6TS82/SyB4F2613Q1yXTMwg4jWGHEEVC3yrzHtNcI4B3qnDI0+eJsezGJ0V+cToUytHWw==",
        "dependencies": {
          "System.Globalization": "4.3.0",
          "System.Linq": "4.3.0",
          "System.Private.Uri": "4.3.2",
          "System.Runtime": "4.3.0",
          "System.Text.RegularExpressions": "4.3.0"
        }
      },
      "System.Collections": {
        "type": "Transitive",
        "resolved": "4.3.0",
        "contentHash": "3Dcj85/TBdVpL5Zr+gEEBUuFe2icOnLalmEh9hfck1PTYbbyWuZgh4fmm2ysCLTrqLQw6t3TgTyJ+VLp+Qb+Lw==",
        "dependencies": {
          "Microsoft.NETCore.Platforms": "1.1.0",
          "Microsoft.NETCore.Targets": "1.1.0",
          "System.Runtime": "4.3.0"
        }
      },
      "System.Collections.Immutable": {
        "type": "Transitive",
        "resolved": "1.7.1",
        "contentHash": "B43Zsz5EfMwyEbnObwRxW5u85fzJma3lrDeGcSAV1qkhSRTNY5uXAByTn9h9ddNdhM+4/YoLc/CI43umjwIl9Q=="
      },
      "System.ComponentModel.Annotations": {
        "type": "Transitive",
        "resolved": "4.5.0",
        "contentHash": "UxYQ3FGUOtzJ7LfSdnYSFd7+oEv6M8NgUatatIN2HxNtDdlcvFAf+VIq4Of9cDMJEJC0aSRv/x898RYhB4Yppg=="
      },
      "System.Diagnostics.Debug": {
        "type": "Transitive",
        "resolved": "4.3.0",
        "contentHash": "ZUhUOdqmaG5Jk3Xdb8xi5kIyQYAA4PnTNlHx1mu9ZY3qv4ELIdKbnL/akbGaKi2RnNUWaZsAs31rvzFdewTj2g==",
        "dependencies": {
          "Microsoft.NETCore.Platforms": "1.1.0",
          "Microsoft.NETCore.Targets": "1.1.0",
          "System.Runtime": "4.3.0"
        }
      },
      "System.Diagnostics.Tracing": {
        "type": "Transitive",
        "resolved": "4.3.0",
        "contentHash": "rswfv0f/Cqkh78rA5S8eN8Neocz234+emGCtTF3lxPY96F+mmmUen6tbn0glN6PMvlKQb9bPAY5e9u7fgPTkKw==",
        "dependencies": {
          "Microsoft.NETCore.Platforms": "1.1.0",
          "Microsoft.NETCore.Targets": "1.1.0",
          "System.Runtime": "4.3.0"
        }
      },
      "System.Drawing.Common": {
        "type": "Transitive",
        "resolved": "4.5.0",
        "contentHash": "AiJFxxVPdeITstiRS5aAu8+8Dpf5NawTMoapZ53Gfirml24p7HIfhjmCRxdXnmmf3IUA3AX3CcW7G73CjWxW/Q==",
        "dependencies": {
          "Microsoft.NETCore.Platforms": "2.0.0",
          "Microsoft.Win32.SystemEvents": "4.5.0"
        }
      },
      "System.Dynamic.Runtime": {
        "type": "Transitive",
        "resolved": "4.3.0",
        "contentHash": "SNVi1E/vfWUAs/WYKhE9+qlS6KqK0YVhnlT0HQtr8pMIA8YX3lwy3uPMownDwdYISBdmAF/2holEIldVp85Wag==",
        "dependencies": {
          "System.Collections": "4.3.0",
          "System.Diagnostics.Debug": "4.3.0",
          "System.Linq": "4.3.0",
          "System.Linq.Expressions": "4.3.0",
          "System.ObjectModel": "4.3.0",
          "System.Reflection": "4.3.0",
          "System.Reflection.Emit": "4.3.0",
          "System.Reflection.Emit.ILGeneration": "4.3.0",
          "System.Reflection.Primitives": "4.3.0",
          "System.Reflection.TypeExtensions": "4.3.0",
          "System.Resources.ResourceManager": "4.3.0",
          "System.Runtime": "4.3.0",
          "System.Runtime.Extensions": "4.3.0",
          "System.Threading": "4.3.0"
        }
      },
      "System.Globalization": {
        "type": "Transitive",
        "resolved": "4.3.0",
        "contentHash": "kYdVd2f2PAdFGblzFswE4hkNANJBKRmsfa2X5LG2AcWE1c7/4t0pYae1L8vfZ5xvE2nK/R9JprtToA61OSHWIg==",
        "dependencies": {
          "Microsoft.NETCore.Platforms": "1.1.0",
          "Microsoft.NETCore.Targets": "1.1.0",
          "System.Runtime": "4.3.0"
        }
      },
      "System.Interactive": {
        "type": "Transitive",
        "resolved": "4.1.1",
        "contentHash": "pL6aZm6Im/KSpQADvJMr3sK5d/Q/iQbC4TQ2zQfiDZ+qzAskuMgrtgnCheAwLX1vC5YDTXpXnVjeMzfxUZzfjQ=="
      },
      "System.IO": {
        "type": "Transitive",
        "resolved": "4.3.0",
        "contentHash": "3qjaHvxQPDpSOYICjUoTsmoq5u6QJAFRUITgeT/4gqkF1bajbSmb1kwSxEA8AHlofqgcKJcM8udgieRNhaJ5Cg==",
        "dependencies": {
          "Microsoft.NETCore.Platforms": "1.1.0",
          "Microsoft.NETCore.Targets": "1.1.0",
          "System.Runtime": "4.3.0",
          "System.Text.Encoding": "4.3.0",
          "System.Threading.Tasks": "4.3.0"
        }
      },
      "System.Linq": {
        "type": "Transitive",
        "resolved": "4.3.0",
        "contentHash": "5DbqIUpsDp0dFftytzuMmc0oeMdQwjcP/EWxsksIz/w1TcFRkZ3yKKz0PqiYFMmEwPSWw+qNVqD7PJ889JzHbw==",
        "dependencies": {
          "System.Collections": "4.3.0",
          "System.Diagnostics.Debug": "4.3.0",
          "System.Resources.ResourceManager": "4.3.0",
          "System.Runtime": "4.3.0",
          "System.Runtime.Extensions": "4.3.0"
        }
      },
      "System.Linq.Expressions": {
        "type": "Transitive",
        "resolved": "4.3.0",
        "contentHash": "PGKkrd2khG4CnlyJwxwwaWWiSiWFNBGlgXvJpeO0xCXrZ89ODrQ6tjEWS/kOqZ8GwEOUATtKtzp1eRgmYNfclg==",
        "dependencies": {
          "System.Collections": "4.3.0",
          "System.Diagnostics.Debug": "4.3.0",
          "System.Globalization": "4.3.0",
          "System.IO": "4.3.0",
          "System.Linq": "4.3.0",
          "System.ObjectModel": "4.3.0",
          "System.Reflection": "4.3.0",
          "System.Reflection.Emit": "4.3.0",
          "System.Reflection.Emit.ILGeneration": "4.3.0",
          "System.Reflection.Emit.Lightweight": "4.3.0",
          "System.Reflection.Extensions": "4.3.0",
          "System.Reflection.Primitives": "4.3.0",
          "System.Reflection.TypeExtensions": "4.3.0",
          "System.Resources.ResourceManager": "4.3.0",
          "System.Runtime": "4.3.0",
          "System.Runtime.Extensions": "4.3.0",
          "System.Threading": "4.3.0"
        }
      },
      "System.Memory": {
        "type": "Transitive",
        "resolved": "4.5.3",
        "contentHash": "3oDzvc/zzetpTKWMShs1AADwZjQ/36HnsufHRPcOjyRAAMLDlu2iD33MBI2opxnezcVUtXyqDXXjoFMOU9c7SA=="
      },
      "System.Numerics.Vectors": {
        "type": "Transitive",
        "resolved": "4.5.0",
        "contentHash": "QQTlPTl06J/iiDbJCiepZ4H//BVraReU4O4EoRw1U02H5TLUIT7xn3GnDp9AXPSlJUDyFs4uWjWafNX6WrAojQ=="
      },
      "System.ObjectModel": {
        "type": "Transitive",
        "resolved": "4.3.0",
        "contentHash": "bdX+80eKv9bN6K4N+d77OankKHGn6CH711a6fcOpMQu2Fckp/Ft4L/kW9WznHpyR0NRAvJutzOMHNNlBGvxQzQ==",
        "dependencies": {
          "System.Collections": "4.3.0",
          "System.Diagnostics.Debug": "4.3.0",
          "System.Resources.ResourceManager": "4.3.0",
          "System.Runtime": "4.3.0",
          "System.Threading": "4.3.0"
        }
      },
      "System.Private.Uri": {
        "type": "Transitive",
        "resolved": "4.3.2",
        "contentHash": "o1+7RJnu3Ik3PazR7Z7tJhjPdE000Eq2KGLLWhqJJKXj04wrS8lwb1OFtDF9jzXXADhUuZNJZlPc98uwwqmpFA==",
        "dependencies": {
          "Microsoft.NETCore.Platforms": "1.1.1",
          "Microsoft.NETCore.Targets": "1.1.3"
        }
      },
      "System.Reactive": {
        "type": "Transitive",
        "resolved": "5.0.0",
        "contentHash": "erBZjkQHWL9jpasCE/0qKAryzVBJFxGHVBAvgRN1bzM0q2s1S4oYREEEL0Vb+1kA/6BKb5FjUZMp5VXmy+gzkQ=="
      },
      "System.Reflection": {
        "type": "Transitive",
        "resolved": "4.3.0",
        "contentHash": "KMiAFoW7MfJGa9nDFNcfu+FpEdiHpWgTcS2HdMpDvt9saK3y/G4GwprPyzqjFH9NTaGPQeWNHU+iDlDILj96aQ==",
        "dependencies": {
          "Microsoft.NETCore.Platforms": "1.1.0",
          "Microsoft.NETCore.Targets": "1.1.0",
          "System.IO": "4.3.0",
          "System.Reflection.Primitives": "4.3.0",
          "System.Runtime": "4.3.0"
        }
      },
      "System.Reflection.Emit": {
        "type": "Transitive",
        "resolved": "4.7.0",
        "contentHash": "VR4kk8XLKebQ4MZuKuIni/7oh+QGFmZW3qORd1GvBq/8026OpW501SzT/oypwiQl4TvT8ErnReh/NzY9u+C6wQ=="
      },
      "System.Reflection.Emit.ILGeneration": {
        "type": "Transitive",
        "resolved": "4.3.0",
        "contentHash": "59tBslAk9733NXLrUJrwNZEzbMAcu8k344OYo+wfSVygcgZ9lgBdGIzH/nrg3LYhXceynyvTc8t5/GD4Ri0/ng==",
        "dependencies": {
          "System.Reflection": "4.3.0",
          "System.Reflection.Primitives": "4.3.0",
          "System.Runtime": "4.3.0"
        }
      },
      "System.Reflection.Emit.Lightweight": {
        "type": "Transitive",
        "resolved": "4.3.0",
        "contentHash": "oadVHGSMsTmZsAF864QYN1t1QzZjIcuKU3l2S9cZOwDdDueNTrqq1yRj7koFfIGEnKpt6NjpL3rOzRhs4ryOgA==",
        "dependencies": {
          "System.Reflection": "4.3.0",
          "System.Reflection.Emit.ILGeneration": "4.3.0",
          "System.Reflection.Primitives": "4.3.0",
          "System.Runtime": "4.3.0"
        }
      },
      "System.Reflection.Extensions": {
        "type": "Transitive",
        "resolved": "4.3.0",
        "contentHash": "rJkrJD3kBI5B712aRu4DpSIiHRtr6QlfZSQsb0hYHrDCZORXCFjQfoipo2LaMUHoT9i1B7j7MnfaEKWDFmFQNQ==",
        "dependencies": {
          "Microsoft.NETCore.Platforms": "1.1.0",
          "Microsoft.NETCore.Targets": "1.1.0",
          "System.Reflection": "4.3.0",
          "System.Runtime": "4.3.0"
        }
      },
      "System.Reflection.Metadata": {
        "type": "Transitive",
        "resolved": "1.6.0",
        "contentHash": "COC1aiAJjCoA5GBF+QKL2uLqEBew4JsCkQmoHKbN3TlOZKa2fKLz5CpiRQKDz0RsAOEGsVKqOD5bomsXq/4STQ=="
      },
      "System.Reflection.Primitives": {
        "type": "Transitive",
        "resolved": "4.3.0",
        "contentHash": "5RXItQz5As4xN2/YUDxdpsEkMhvw3e6aNveFXUn4Hl/udNTCNhnKp8lT9fnc3MhvGKh1baak5CovpuQUXHAlIA==",
        "dependencies": {
          "Microsoft.NETCore.Platforms": "1.1.0",
          "Microsoft.NETCore.Targets": "1.1.0",
          "System.Runtime": "4.3.0"
        }
      },
      "System.Reflection.TypeExtensions": {
        "type": "Transitive",
        "resolved": "4.3.0",
        "contentHash": "7u6ulLcZbyxB5Gq0nMkQttcdBTx57ibzw+4IOXEfR+sXYQoHvjW5LTLyNr8O22UIMrqYbchJQJnos4eooYzYJA==",
        "dependencies": {
          "System.Reflection": "4.3.0",
          "System.Runtime": "4.3.0"
        }
      },
      "System.Resources.Extensions": {
        "type": "Transitive",
        "resolved": "5.0.0",
        "contentHash": "KBiqY/+W6hWVwucHBHO76JkgBGyawlxCcP946MhK8dNjalaBgZkyHaux8ko58PENTqQHHjoDa7cfIkAchfJPPA=="
      },
      "System.Resources.ResourceManager": {
        "type": "Transitive",
        "resolved": "4.3.0",
        "contentHash": "/zrcPkkWdZmI4F92gL/TPumP98AVDu/Wxr3CSJGQQ+XN6wbRZcyfSKVoPo17ilb3iOr0cCRqJInGwNMolqhS8A==",
        "dependencies": {
          "Microsoft.NETCore.Platforms": "1.1.0",
          "Microsoft.NETCore.Targets": "1.1.0",
          "System.Globalization": "4.3.0",
          "System.Reflection": "4.3.0",
          "System.Runtime": "4.3.0"
        }
      },
      "System.Runtime": {
        "type": "Transitive",
        "resolved": "4.3.0",
        "contentHash": "JufQi0vPQ0xGnAczR13AUFglDyVYt4Kqnz1AZaiKZ5+GICq0/1MH/mO/eAJHt/mHW1zjKBJd7kV26SrxddAhiw==",
        "dependencies": {
          "Microsoft.NETCore.Platforms": "1.1.0",
          "Microsoft.NETCore.Targets": "1.1.0"
        }
      },
      "System.Runtime.CompilerServices.Unsafe": {
        "type": "Transitive",
        "resolved": "4.7.1",
        "contentHash": "zOHkQmzPCn5zm/BH+cxC1XbUS3P4Yoi3xzW7eRgVpDR2tPGSzyMZ17Ig1iRkfJuY0nhxkQQde8pgePNiA7z7TQ=="
      },
      "System.Runtime.Extensions": {
        "type": "Transitive",
        "resolved": "4.3.0",
        "contentHash": "guW0uK0fn5fcJJ1tJVXYd7/1h5F+pea1r7FLSOz/f8vPEqbR2ZAknuRDvTQ8PzAilDveOxNjSfr0CHfIQfFk8g==",
        "dependencies": {
          "Microsoft.NETCore.Platforms": "1.1.0",
          "Microsoft.NETCore.Targets": "1.1.0",
          "System.Runtime": "4.3.0"
        }
      },
      "System.Runtime.Handles": {
        "type": "Transitive",
        "resolved": "4.3.0",
        "contentHash": "OKiSUN7DmTWeYb3l51A7EYaeNMnvxwE249YtZz7yooT4gOZhmTjIn48KgSsw2k2lYdLgTKNJw/ZIfSElwDRVgg==",
        "dependencies": {
          "Microsoft.NETCore.Platforms": "1.1.0",
          "Microsoft.NETCore.Targets": "1.1.0",
          "System.Runtime": "4.3.0"
        }
      },
      "System.Runtime.InteropServices": {
        "type": "Transitive",
        "resolved": "4.3.0",
        "contentHash": "uv1ynXqiMK8mp1GM3jDqPCFN66eJ5w5XNomaK2XD+TuCroNTLFGeZ+WCmBMcBDyTFKou3P6cR6J/QsaqDp7fGQ==",
        "dependencies": {
          "Microsoft.NETCore.Platforms": "1.1.0",
          "Microsoft.NETCore.Targets": "1.1.0",
          "System.Reflection": "4.3.0",
          "System.Reflection.Primitives": "4.3.0",
          "System.Runtime": "4.3.0",
          "System.Runtime.Handles": "4.3.0"
        }
      },
      "System.Runtime.Serialization.Primitives": {
        "type": "Transitive",
        "resolved": "4.3.0",
        "contentHash": "Wz+0KOukJGAlXjtKr+5Xpuxf8+c8739RI1C+A2BoQZT+wMCCoMDDdO8/4IRHfaVINqL78GO8dW8G2lW/e45Mcw==",
        "dependencies": {
          "System.Resources.ResourceManager": "4.3.0",
          "System.Runtime": "4.3.0"
        }
      },
      "System.Security.Principal.Windows": {
        "type": "Transitive",
        "resolved": "4.7.0",
        "contentHash": "ojD0PX0XhneCsUbAZVKdb7h/70vyYMDYs85lwEI+LngEONe/17A0cFaRFqZU+sOEidcVswYWikYOQ9PPfjlbtQ=="
      },
      "System.Text.Encoding": {
        "type": "Transitive",
        "resolved": "4.3.0",
        "contentHash": "BiIg+KWaSDOITze6jGQynxg64naAPtqGHBwDrLaCtixsa5bKiR8dpPOHA7ge3C0JJQizJE+sfkz1wV+BAKAYZw==",
        "dependencies": {
          "Microsoft.NETCore.Platforms": "1.1.0",
          "Microsoft.NETCore.Targets": "1.1.0",
          "System.Runtime": "4.3.0"
        }
      },
      "System.Text.Encoding.CodePages": {
        "type": "Transitive",
        "resolved": "5.0.0",
        "contentHash": "NyscU59xX6Uo91qvhOs2Ccho3AR2TnZPomo1Z0K6YpyztBPM/A5VbkzOO19sy3A3i1TtEnTxA7bCe3Us+r5MWg==",
        "dependencies": {
          "Microsoft.NETCore.Platforms": "5.0.0"
        }
      },
      "System.Text.RegularExpressions": {
        "type": "Transitive",
        "resolved": "4.3.0",
        "contentHash": "RpT2DA+L660cBt1FssIE9CAGpLFdFPuheB7pLpKpn6ZXNby7jDERe8Ua/Ne2xGiwLVG2JOqziiaVCGDon5sKFA==",
        "dependencies": {
          "System.Runtime": "4.3.0"
        }
      },
      "System.Threading": {
        "type": "Transitive",
        "resolved": "4.3.0",
        "contentHash": "VkUS0kOBcUf3Wwm0TSbrevDDZ6BlM+b/HRiapRFWjM5O0NS0LviG0glKmFK+hhPDd1XFeSdU1GmlLhb2CoVpIw==",
        "dependencies": {
          "System.Runtime": "4.3.0",
          "System.Threading.Tasks": "4.3.0"
        }
      },
      "System.Threading.Tasks": {
        "type": "Transitive",
        "resolved": "4.3.0",
        "contentHash": "LbSxKEdOUhVe8BezB/9uOGGppt+nZf6e1VFyw6v3DN6lqitm0OSn2uXMOdtP0M3W4iMcqcivm2J6UgqiwwnXiA==",
        "dependencies": {
          "Microsoft.NETCore.Platforms": "1.1.0",
          "Microsoft.NETCore.Targets": "1.1.0",
          "System.Runtime": "4.3.0"
        }
      },
      "System.Threading.Tasks.Extensions": {
        "type": "Transitive",
        "resolved": "4.5.3",
        "contentHash": "+MvhNtcvIbqmhANyKu91jQnvIRVSTiaOiFNfKWwXGHG48YAb4I/TyH8spsySiPYla7gKal5ZnF3teJqZAximyQ=="
      },
      "System.ValueTuple": {
        "type": "Transitive",
        "resolved": "4.5.0",
        "contentHash": "okurQJO6NRE/apDIP23ajJ0hpiNmJ+f0BwOlB/cSqTLQlw5upkf+5+96+iG2Jw40G1fCVCyPz/FhIABUjMR+RQ=="
      },
      "Tmds.DBus": {
        "type": "Transitive",
        "resolved": "0.9.0",
        "contentHash": "KcTWL9aKuob9Qo2sOTTKFePs1rKGTwZrcBvMFuGVIVR5RojX3oIFj5UBLYfSGjYgrcImC7LjQI3DdCFwUnhNXw==",
        "dependencies": {
          "System.Reflection.Emit": "4.7.0",
          "System.Security.Principal.Windows": "4.7.0"
        }
      },
      "diz.controllers": {
        "type": "Project",
        "dependencies": {
          "Diz.Core": "1.0.0",
          "Diz.LogWriter": "1.0.0"
        }
      },
      "diz.core": {
        "type": "Project",
        "dependencies": {
          "ExtendedXmlSerializer": "3.7.1",
          "FluentValidation": "10.1.0",
          "JetBrains.Annotations": "2021.1.0",
          "JetBrains.Profiler.SelfApi": "2.1.1",
          "SharpZipLib": "1.3.2",
          "System.Diagnostics.Tracing": "4.3.0",
          "System.Resources.Extensions": "5.0.0",
          "System.Text.Encoding.CodePages": "5.0.0"
        }
      },
      "diz.logwriter": {
        "type": "Project",
        "dependencies": {
          "Diz.Core": "1.0.0"
        }
      }
    }
  }
}