{
  "version": 1,
  "dependencies": {
    "net10.0": {
      "BenchmarkDotNet": {
        "type": "Direct",
        "requested": "[0.13.12, )",
        "resolved": "0.13.12",
        "contentHash": "aKnzpUZJJfLBHG7zcfQZhCexZQKcJgElC8qcFUTXPMYFlVauJBobuOmtRnmrapqC2j7EjjZCsPxa3yLvFLx5/Q==",
        "dependencies": {
          "BenchmarkDotNet.Annotations": "0.13.12",
          "CommandLineParser": "2.9.1",
          "Gee.External.Capstone": "2.3.0",
          "Iced": "1.17.0",
          "Microsoft.CodeAnalysis.CSharp": "4.1.0",
          "Microsoft.Diagnostics.Runtime": "2.2.332302",
          "Microsoft.Diagnostics.Tracing.TraceEvent": "3.0.2",
          "Microsoft.DotNet.PlatformAbstractions": "3.1.6",
          "Perfolizer": "[0.2.1]",
          "System.Management": "5.0.0"
        }
      },
      "ExtendedXmlSerializer": {
        "type": "Direct",
        "requested": "[3.9.6, )",
        "resolved": "3.9.6",
        "contentHash": "kwnF5RjDwzle4cpUN4AWOCBAbntCkLQez5SIl2cY6hamWL33vEYu5Pp35BKkg/oklXnvaYobzJrFezRi9dl9tA==",
        "dependencies": {
          "LightInject": "6.6.1",
          "NReco.LambdaParser": "1.0.12",
          "Sprache": "2.3.1"
        }
      },
      "FluentAssertions": {
        "type": "Direct",
        "requested": "[6.12.0, )",
        "resolved": "6.12.0",
        "contentHash": "ZXhHT2YwP9lajrwSKbLlFqsmCCvFJMoRSK9t7sImfnCyd0OB3MhgxdoMcVqxbq1iyxD6mD2fiackWmBb7ayiXQ==",
        "dependencies": {
          "System.Configuration.ConfigurationManager": "4.4.0"
        }
      },
      "FluentAssertions.Analyzers": {
        "type": "Direct",
        "requested": "[0.29.1, )",
        "resolved": "0.29.1",
        "contentHash": "cHwAAoycOVv8/xS2NZhRJLOIbxzv+U5GeUm38nT1eGqvuNjoy7MKfGhR8aBFz0hkDlj7K9+gADd58fCZJYIQjQ=="
      },
      "FluentAssertions.ArgumentMatchers.Moq": {
        "type": "Direct",
        "requested": "[3.1.0, )",
        "resolved": "3.1.0",
        "contentHash": "NxeVGI7JlmGsyiqqJgNSH4RE2NUfFN3CwFwczirM8o5YixMwj0RuPkkXM+6RVAGD4RebSrO9vdgF0UungU7TeA==",
        "dependencies": {
          "FluentAssertions": "[6.0.0, 7.0.0)",
          "Moq": "[4.13.0, 5.0.0)"
        }
      },
      "JetBrains.Annotations": {
        "type": "Direct",
        "requested": "[2023.3.0, )",
        "resolved": "2023.3.0",
        "contentHash": "PHfnvdBUdGaTVG9bR/GEfxgTwWM0Z97Y6X3710wiljELBISipSfF5okn/vz+C2gfO+ihoEyVPjaJwn8ZalVukA=="
      },
      "LightInject": {
        "type": "Direct",
        "requested": "[6.6.4, )",
        "resolved": "6.6.4",
        "contentHash": "xId1F9OpzVvyNu3wcdPR4EcNUihcT5U9wiUJOi0tetuDOia1uAiFJzqmYGdRPsqAsgDb6o8sfoQCx5yMFFDsVw=="
      },
      "Microsoft.CodeAnalysis.Analyzers": {
        "type": "Direct",
        "requested": "[3.3.4, )",
        "resolved": "3.3.4",
        "contentHash": "AxkxcPR+rheX0SmvpLVIGLhOUXAKG56a64kV9VQZ4y9gR9ZmPXnqZvHJnmwLSwzrEP6junUF11vuc+aqo5r68g=="
      },
      "Microsoft.NET.Test.Sdk": {
        "type": "Direct",
        "requested": "[17.8.0, )",
        "resolved": "17.8.0",
        "contentHash": "BmTYGbD/YuDHmApIENdoyN1jCk0Rj1fJB0+B/fVekyTdVidr91IlzhqzytiUgaEAzL1ZJcYCme0MeBMYvJVzvw==",
        "dependencies": {
          "Microsoft.CodeCoverage": "17.8.0",
          "Microsoft.TestPlatform.TestHost": "17.8.0"
        }
      },
      "Moq": {
        "type": "Direct",
        "requested": "[4.20.70, )",
        "resolved": "4.20.70",
        "contentHash": "4rNnAwdpXJBuxqrOCzCyICXHSImOTRktCgCWXWykuF1qwoIsVvEnR7PjbMk/eLOxWvhmj5Kwt+kDV3RGUYcNwg==",
        "dependencies": {
          "Castle.Core": "5.1.1"
        }
      },
      "System.Resources.Extensions": {
        "type": "Direct",
        "requested": "[8.0.0, )",
        "resolved": "8.0.0",
        "contentHash": "psnQ6GRQOvt+evda5C4nD5EuV49mz2Tv0DD2JDVDEbE/TKoMukxSkGJcsBJ0pajpPuFRr67syFYlkJ4Wj6A5Zw=="
      },
      "xunit": {
        "type": "Direct",
        "requested": "[2.6.6, )",
        "resolved": "2.6.6",
        "contentHash": "MAbOOMtZIKyn2lrAmMlvhX0BhDOX/smyrTB+8WTXnSKkrmTGBS2fm8g1PZtHBPj91Dc5DJA7fY+/81TJ/yUFZw==",
        "dependencies": {
          "xunit.analyzers": "1.10.0",
          "xunit.assert": "2.6.6",
          "xunit.core": "[2.6.6]"
        }
      },
      "xunit.abstractions": {
        "type": "Direct",
        "requested": "[2.0.3, )",
        "resolved": "2.0.3",
        "contentHash": "pot1I4YOxlWjIb5jmwvvQNbTrZ3lJQ+jUGkGjWE3hEFM0l5gOnBWS+H3qsex68s5cO52g+44vpGzhAt+42vwKg=="
      },
      "xunit.analyzers": {
        "type": "Direct",
        "requested": "[1.10.0, )",
        "resolved": "1.10.0",
        "contentHash": "Lw8CiDy5NaAWcO6keqD7iZHYUTIuCOcoFrUHw5Sv84ITZ9gFeDybdkVdH0Y2maSlP9fUjtENyiykT44zwFQIHA=="
      },
      "xunit.assert": {
        "type": "Direct",
        "requested": "[2.6.6, )",
        "resolved": "2.6.6",
        "contentHash": "74Cm9lAZOk5TKCz2MvCBCByKsS23yryOKDIMxH3XRDHXmfGM02jKZWzRA7g4mGB41GnBnv/pcWP3vUYkrCtEcg=="
      },
      "xunit.runner.console": {
        "type": "Direct",
        "requested": "[2.6.6, )",
        "resolved": "2.6.6",
        "contentHash": "/tA9oQFdGhCWnS9VzBLboBeVNMANiT1O3tkK1CGvRwWIdx1Bwv/xN/pYcm6ZVB8Jvm8v5DyNywsqkc0VYBA+gw=="
      },
      "xunit.runner.visualstudio": {
        "type": "Direct",
        "requested": "[2.5.6, )",
        "resolved": "2.5.6",
        "contentHash": "CW6uhMXNaQQNMSG1IWhHkBT+V5eqHqn7MP0zfNMhU9wS/sgKX7FGL3rzoaUgt26wkY3bpf7pDVw3IjXhwfiP4w=="
      },
      "BenchmarkDotNet.Annotations": {
        "type": "Transitive",
        "resolved": "0.13.12",
        "contentHash": "4zmFOOJqW1GrEP/t5XKgh97LH9r6zixGy2IA0JAaoTNNnZ8kPBt9u/XagsGNyV0e7rglOpFcWc6wI5EjefKpKA=="
      },
      "Castle.Core": {
        "type": "Transitive",
        "resolved": "5.1.1",
        "contentHash": "rpYtIczkzGpf+EkZgDr9CClTdemhsrwA/W5hMoPjLkRFnXzH44zDLoovXeKtmxb1ykXK9aJVODSpiJml8CTw2g==",
        "dependencies": {
          "System.Diagnostics.EventLog": "6.0.0"
        }
      },
      "CommandLineParser": {
        "type": "Transitive",
        "resolved": "2.9.1",
        "contentHash": "OE0sl1/sQ37bjVsPKKtwQlWDgqaxWgtme3xZz7JssWUzg5JpMIyHgCTY9MVMxOg48fJ1AgGT3tgdH5m/kQ5xhA=="
      },
      "CsvHelper": {
        "type": "Transitive",
        "resolved": "30.0.3",
        "contentHash": "OK4xEoPKFZYZ2Km+ZTGRxuLo33u+ipKVCC9ICCGn5JRiAmPLRsCPZ/shL3HKGPwS33MQSPcPHigI4HnX3Q47yg=="
      },
      "FluentValidation": {
        "type": "Transitive",
        "resolved": "11.9.0",
        "contentHash": "VneVlTvwYDkfHV5av3QrQ0amALgrLX6LV94wlYyEsh0B/klJBW7C8y2eAtj5tOZ3jH6CAVpr4s1ZGgew/QWyig=="
      },
      "Gee.External.Capstone": {
        "type": "Transitive",
        "resolved": "2.3.0",
        "contentHash": "2ap/rYmjtzCOT8hxrnEW/QeiOt+paD8iRrIcdKX0cxVwWLFa1e+JDBNeECakmccXrSFeBQuu5AV8SNkipFMMMw=="
      },
      "Iced": {
        "type": "Transitive",
        "resolved": "1.17.0",
        "contentHash": "8x+HCVTl/HHTGpscH3vMBhV8sknN/muZFw9s3TsI8SA6+c43cOTCi2+jE4KsU8pNLbJ++iF2ZFcpcXHXtDglnw=="
      },
      "JetBrains.FormatRipper": {
        "type": "Transitive",
        "resolved": "2.0.1",
        "contentHash": "9J+lWdztAczSqwgvOfMiTxEaaV6ONXY27Hq9VGbgzr9sUX8F5HCSvnd2/4J9xD1US4VL+ZPrREyRBl9NNbSGbw==",
        "dependencies": {
          "NETStandard.Library": "1.6.1"
        }
      },
      "JetBrains.HabitatDetector": {
        "type": "Transitive",
        "resolved": "1.0.2",
        "contentHash": "WQfQekJ2+BxM6+5anNhYWLyd6F4CRHW7pj8YoRXe6M5MDfPsZdYP0epx1+cHJkJuf0aeTB2JRK4KeEPW4UM8AQ==",
        "dependencies": {
          "JetBrains.FormatRipper": "2.0.1"
        }
      },
      "JetBrains.Profiler.Api": {
        "type": "Transitive",
        "resolved": "1.4.0",
        "contentHash": "r5xP8m9U6uHApcMyoL5yZL/Ltqz7auBo0MaboGdQoaawNpYnYr9PC3FFe+0mNT2pyOhuAfQC7WL/Gxb8M0v1Lw==",
        "dependencies": {
          "JetBrains.HabitatDetector": "1.0.2"
        }
      },
      "JetBrains.Profiler.SelfApi": {
        "type": "Transitive",
        "resolved": "2.5.0",
        "contentHash": "8dX8vSarO04JCm4n/RhDx2w/9mzKO+KI4rXtrt8AurGrKlhTgswuLZeGw5PuYsAUsJmmJrPBxJx4pTt/SW42aQ==",
        "dependencies": {
          "JetBrains.HabitatDetector": "1.0.2",
          "JetBrains.Profiler.Api": "1.4.0"
        }
      },
      "Microsoft.Bcl.AsyncInterfaces": {
        "type": "Transitive",
        "resolved": "1.1.0",
        "contentHash": "1Am6l4Vpn3/K32daEqZI+FFr96OlZkgwK2LcT3pZ2zWubR5zTPW3/FkO1Rat9kb7oQOa4rxgl9LJHc5tspCWfg=="
      },
      "Microsoft.CodeAnalysis.Common": {
        "type": "Transitive",
        "resolved": "4.1.0",
        "contentHash": "bNzTyxP3iD5FPFHfVDl15Y6/wSoI7e3MeV0lOaj9igbIKTjgrmuw6LoVJ06jUNFA7+KaDC/OIsStWl/FQJz6sQ==",
        "dependencies": {
          "Microsoft.CodeAnalysis.Analyzers": "3.3.3"
        }
      },
      "Microsoft.CodeAnalysis.CSharp": {
        "type": "Transitive",
        "resolved": "4.1.0",
        "contentHash": "sbu6kDGzo9bfQxuqWpeEE7I9P30bSuZEnpDz9/qz20OU6pm79Z63+/BsAzO2e/R/Q97kBrpj647wokZnEVr97w==",
        "dependencies": {
          "Microsoft.CodeAnalysis.Common": "[4.1.0]"
        }
      },
      "Microsoft.CodeCoverage": {
        "type": "Transitive",
        "resolved": "17.8.0",
        "contentHash": "KC8SXWbGIdoFVdlxKk9WHccm0llm9HypcHMLUUFabRiTS3SO2fQXNZfdiF3qkEdTJhbRrxhdRxjL4jbtwPq4Ew=="
      },
      "Microsoft.Diagnostics.NETCore.Client": {
        "type": "Transitive",
        "resolved": "0.2.251802",
        "contentHash": "bqnYl6AdSeboeN4v25hSukK6Odm6/54E3Y2B8rBvgqvAW0mF8fo7XNRVE2DMOG7Rk0fiuA079QIH28+V+W1Zdg==",
        "dependencies": {
          "Microsoft.Bcl.AsyncInterfaces": "1.1.0",
          "Microsoft.Extensions.Logging": "2.1.1"
        }
      },
      "Microsoft.Diagnostics.Runtime": {
        "type": "Transitive",
        "resolved": "2.2.332302",
        "contentHash": "Hp84ivxSKIMTBzYSATxmUsm3YSXHWivcwiRRbsydGmqujMUK8BAueLN0ssAVEOkOBmh0vjUBhrq7YcroT7VCug==",
        "dependencies": {
          "Microsoft.Diagnostics.NETCore.Client": "0.2.251802"
        }
      },
      "Microsoft.Diagnostics.Tracing.TraceEvent": {
        "type": "Transitive",
        "resolved": "3.0.2",
        "contentHash": "Pr7t+Z/qBe6DxCow4BmYmDycHe2MrGESaflWXRcSUI4XNGyznx1ttS+9JNOxLuBZSoBSPTKw9Dyheo01Yi6anQ=="
      },
      "Microsoft.DotNet.PlatformAbstractions": {
        "type": "Transitive",
        "resolved": "3.1.6",
        "contentHash": "jek4XYaQ/PGUwDKKhwR8K47Uh1189PFzMeLqO83mXrXQVIpARZCcfuDedH50YDTepBkfijCZN5U/vZi++erxtg=="
      },
      "Microsoft.Extensions.Configuration": {
        "type": "Transitive",
        "resolved": "2.1.1",
        "contentHash": "LjVKO6P2y52c5ZhTLX/w8zc5H4Y3J/LJsgqTBj49TtFq/hAtVNue/WA0F6/7GMY90xhD7K0MDZ4qpOeWXbLvzg==",
        "dependencies": {
          "Microsoft.Extensions.Configuration.Abstractions": "2.1.1"
        }
      },
      "Microsoft.Extensions.Configuration.Abstractions": {
        "type": "Transitive",
        "resolved": "2.1.1",
        "contentHash": "VfuZJNa0WUshZ/+8BFZAhwFKiKuu/qOUCFntfdLpHj7vcRnsGHqd3G2Hse78DM+pgozczGM63lGPRLmy+uhUOA==",
        "dependencies": {
          "Microsoft.Extensions.Primitives": "2.1.1"
        }
      },
      "Microsoft.Extensions.Configuration.Binder": {
        "type": "Transitive",
        "resolved": "2.1.1",
        "contentHash": "fcLCTS03poWE4v9tSNBr3pWn0QwGgAn1vzqHXlXgvqZeOc7LvQNzaWcKRQZTdEc3+YhQKwMsOtm3VKSA2aWQ8w==",
        "dependencies": {
          "Microsoft.Extensions.Configuration": "2.1.1"
        }
      },
      "Microsoft.Extensions.DependencyInjection.Abstractions": {
        "type": "Transitive",
        "resolved": "2.1.1",
        "contentHash": "MgYpU5cwZohUMKKg3sbPhvGG+eAZ/59E9UwPwlrUkyXU+PGzqwZg9yyQNjhxuAWmoNoFReoemeCku50prYSGzA=="
      },
      "Microsoft.Extensions.Logging": {
        "type": "Transitive",
        "resolved": "2.1.1",
        "contentHash": "hh+mkOAQDTp6XH80xJt3+wwYVzkbwYQl9XZRCz4Um0JjP/o7N9vHM3rZ6wwwtr+BBe/L6iBO2sz0px6OWBzqZQ==",
        "dependencies": {
          "Microsoft.Extensions.Configuration.Binder": "2.1.1",
          "Microsoft.Extensions.DependencyInjection.Abstractions": "2.1.1",
          "Microsoft.Extensions.Logging.Abstractions": "2.1.1",
          "Microsoft.Extensions.Options": "2.1.1"
        }
      },
      "Microsoft.Extensions.Logging.Abstractions": {
        "type": "Transitive",
        "resolved": "2.1.1",
        "contentHash": "XRzK7ZF+O6FzdfWrlFTi1Rgj2080ZDsd46vzOjadHUB0Cz5kOvDG8vI7caa5YFrsHQpcfn0DxtjS4E46N4FZsA=="
      },
      "Microsoft.Extensions.Options": {
        "type": "Transitive",
        "resolved": "2.1.1",
        "contentHash": "V7lXCU78lAbzaulCGFKojcCyG8RTJicEbiBkPJjFqiqXwndEBBIehdXRMWEVU3UtzQ1yDvphiWUL9th6/4gJ7w==",
        "dependencies": {
          "Microsoft.Extensions.DependencyInjection.Abstractions": "2.1.1",
          "Microsoft.Extensions.Primitives": "2.1.1"
        }
      },
      "Microsoft.Extensions.Primitives": {
        "type": "Transitive",
        "resolved": "2.1.1",
        "contentHash": "scJ1GZNIxMmjpENh0UZ8XCQ6vzr/LzeF9WvEA51Ix2OQGAs9WPgPu8ABVUdvpKPLuor/t05gm6menJK3PwqOXg=="
      },
      "Microsoft.NETCore.Platforms": {
        "type": "Transitive",
        "resolved": "5.0.0",
        "contentHash": "VyPlqzH2wavqquTcYpkIIAQ6WdenuKoFN0BdYBbCWsclXacSOHNQn66Gt4z5NBqEYW0FAPm5rlvki9ZiCij5xQ=="
      },
      "Microsoft.TestPlatform.ObjectModel": {
        "type": "Transitive",
        "resolved": "17.8.0",
        "contentHash": "AYy6vlpGMfz5kOFq99L93RGbqftW/8eQTqjT9iGXW6s9MRP3UdtY8idJ8rJcjeSja8A18IhIro5YnH3uv1nz4g==",
        "dependencies": {
          "NuGet.Frameworks": "6.5.0"
        }
      },
      "Microsoft.TestPlatform.TestHost": {
        "type": "Transitive",
        "resolved": "17.8.0",
        "contentHash": "9ivcl/7SGRmOT0YYrHQGohWiT5YCpkmy/UEzldfVisLm6QxbLaK3FAJqZXI34rnRLmqqDCeMQxKINwmKwAPiDw==",
        "dependencies": {
          "Microsoft.TestPlatform.ObjectModel": "17.8.0",
          "Newtonsoft.Json": "13.0.1"
        }
      },
      "NETStandard.Library": {
        "type": "Transitive",
        "resolved": "1.6.1",
        "contentHash": "WcSp3+vP+yHNgS8EV5J7pZ9IRpeDuARBPN28by8zqff1wJQXm26PVU8L3/fYLBJVU7BtDyqNVWq2KlCVvSSR4A==",
        "dependencies": {
          "Microsoft.NETCore.Platforms": "1.1.0"
        }
      },
      "Newtonsoft.Json": {
        "type": "Transitive",
        "resolved": "13.0.1",
        "contentHash": "ppPFpBcvxdsfUonNcvITKqLl3bqxWbDCZIzDWHzjpdAHRFfZe0Dw9HmA0+za13IdyrgJwpkDTDA9fHaxOrt20A=="
      },
      "NReco.LambdaParser": {
        "type": "Transitive",
        "resolved": "1.0.12",
        "contentHash": "f1nye8fMJCYfJeR+Qb7qlcvC8et4Y4TLf2GLfaFoeISgI+yisaJkbNSGfKCpFBNeVF/iPDkyFmr4J28dv342/Q=="
      },
      "NuGet.Frameworks": {
        "type": "Transitive",
        "resolved": "6.5.0",
        "contentHash": "QWINE2x3MbTODsWT1Gh71GaGb5icBz4chS8VYvTgsBnsi8esgN6wtHhydd7fvToWECYGq7T4cgBBDiKD/363fg=="
      },
      "Perfolizer": {
        "type": "Transitive",
        "resolved": "0.2.1",
        "contentHash": "Dt4aCxCT8NPtWBKA8k+FsN/RezOQ2C6omNGm5o/qmYRiIwlQYF93UgFmeF1ezVNsztTnkg7P5P63AE+uNkLfrw=="
      },
      "SharpZipLib": {
        "type": "Transitive",
        "resolved": "1.4.2",
        "contentHash": "yjj+3zgz8zgXpiiC3ZdF/iyTBbz2fFvMxZFEBPUcwZjIvXOf37Ylm+K58hqMfIBt5JgU/Z2uoUS67JmTLe973A=="
      },
      "Sprache": {
        "type": "Transitive",
        "resolved": "2.3.1",
        "contentHash": "Q+mXeiTxiUYG3lKYF6TS82/SyB4F2613Q1yXTMwg4jWGHEEVC3yrzHtNcI4B3qnDI0+eJsezGJ0V+cToUytHWw=="
      },
      "System.CodeDom": {
        "type": "Transitive",
        "resolved": "5.0.0",
        "contentHash": "JPJArwA1kdj8qDAkY2XGjSWoYnqiM7q/3yRNkt6n28Mnn95MuEGkZXUbPBf7qc3IjwrGY5ttQon7yqHZyQJmOQ=="
      },
      "System.Configuration.ConfigurationManager": {
        "type": "Transitive",
        "resolved": "4.4.0",
        "contentHash": "gWwQv/Ug1qWJmHCmN17nAbxJYmQBM/E94QxKLksvUiiKB1Ld3Sc/eK1lgmbSjDFxkQhVuayI/cGFZhpBSodLrg==",
        "dependencies": {
          "System.Security.Cryptography.ProtectedData": "4.4.0"
        }
      },
      "System.Diagnostics.EventLog": {
        "type": "Transitive",
        "resolved": "6.0.0",
        "contentHash": "lcyUiXTsETK2ALsZrX+nWuHSIQeazhqPphLfaRxzdGaG93+0kELqpgEHtwWOlQe7+jSFnKwaCAgL4kjeZCQJnw=="
      },
      "System.Management": {
        "type": "Transitive",
        "resolved": "5.0.0",
        "contentHash": "MF1CHaRcC+MLFdnDthv4/bKWBZnlnSpkGqa87pKukQefgEdwtb9zFW6zs0GjPp73qtpYYg4q6PEKbzJbxCpKfw==",
        "dependencies": {
          "Microsoft.NETCore.Platforms": "5.0.0",
          "System.CodeDom": "5.0.0"
        }
      },
      "System.Security.Cryptography.ProtectedData": {
        "type": "Transitive",
        "resolved": "4.4.0",
        "contentHash": "cJV7ScGW7EhatRsjehfvvYVBvtiSMKgN8bOVI0bQhnF5bU7vnHVIsH49Kva7i7GWaWYvmEzkYVk1TC+gZYBEog=="
      },
      "xunit.core": {
        "type": "Transitive",
        "resolved": "2.6.6",
        "contentHash": "tqi7RfaNBqM7t8zx6QHryuBPzmotsZXKGaWnopQG2Ez5UV7JoWuyoNdT6gLpDIcKdGYey6YTXJdSr9IXDMKwjg==",
        "dependencies": {
          "xunit.extensibility.core": "[2.6.6]",
          "xunit.extensibility.execution": "[2.6.6]"
        }
      },
      "xunit.extensibility.core": {
        "type": "Transitive",
        "resolved": "2.6.6",
        "contentHash": "ty6VKByzbx4Toj4/VGJLEnlmOawqZiMv0in/tLju+ftA+lbWuAWDERM+E52Jfhj4ZYHrAYVa14KHK5T+dq0XxA==",
        "dependencies": {
          "xunit.abstractions": "2.0.3"
        }
      },
      "xunit.extensibility.execution": {
        "type": "Transitive",
        "resolved": "2.6.6",
        "contentHash": "UDjIVGj2TepVKN3n32/qXIdb3U6STwTb9L6YEwoQO2A8OxiJS5QAVv2l1aT6tDwwv/9WBmm8Khh/LyHALipcng==",
        "dependencies": {
          "xunit.extensibility.core": "[2.6.6]"
        }
      },
      "diz.controllers": {
        "type": "Project",
        "dependencies": {
          "Diz.Core": "[1.0.0, )",
          "Diz.Import": "[1.0.0, )",
          "Diz.LogWriter": "[1.0.0, )",
          "LightInject": "[6.6.4, )"
        }
      },
      "diz.core": {
        "type": "Project",
        "dependencies": {
          "Diz.Core.Interfaces": "[1.0.0, )",
          "ExtendedXmlSerializer": "[3.9.6, )",
          "FluentValidation": "[11.9.0, )",
          "JetBrains.Annotations": "[2023.3.0, )",
          "JetBrains.Profiler.SelfApi": "[2.5.0, )",
          "LightInject": "[6.6.4, )",
          "SharpZipLib": "[1.4.2, )",
          "System.Resources.Extensions": "[8.0.0, )"
        }
      },
      "diz.core.interfaces": {
        "type": "Project"
      },
      "diz.cpu.65816": {
        "type": "Project",
        "dependencies": {
          "Diz.Core": "[1.0.0, )",
          "Diz.Core.Interfaces": "[1.0.0, )"
        }
      },
      "diz.import": {
        "type": "Project",
        "dependencies": {
          "Diz.Core": "[1.0.0, )",
          "Diz.Cpu.65816": "[1.0.0, )"
        }
      },
      "diz.logwriter": {
        "type": "Project",
        "dependencies": {
          "CsvHelper": "[30.0.3, )",
          "Diz.Core": "[1.0.0, )",
          "Diz.Cpu.65816": "[1.0.0, )",
          "ExtendedXmlSerializer": "[3.9.6, )",
          "LightInject": "[6.6.4, )"
        }
      },
      "diz.ui.viewmodels": {
        "type": "Project",
        "dependencies": {
          "Diz.Core": "[1.0.0, )",
          "Diz.Core.Interfaces": "[1.0.0, )",
          "Diz.Import": "[1.0.0, )"
        }
      }
    }
  }
}