
Microsoft Visual Studio Solution File, Format Version 12.00
# Visual Studio Version 16
VisualStudioVersion = 16.0.30503.244
MinimumVisualStudioVersion = 10.0.40219.1
Project("{FAE04EC0-301F-11D3-BF4B-00C04F79EFBC}") = "DiztinGUIsh", "DiztinGUIsh\DiztinGUIsh.csproj", "{2A2DD3C1-9E64-4CD7-98A5-310D9FED2CA3}"
EndProject
Project("{FAE04EC0-301F-11D3-BF4B-00C04F79EFBC}") = "Diz.Core", "Diz.Core\Diz.Core.csproj", "{50646B00-03D8-4CEC-9ED1-3EF4CB199E8B}"
EndProject
Project("{FAE04EC0-301F-11D3-BF4B-00C04F79EFBC}") = "Diz.Test", "Diz.Test\Diz.Test.csproj", "{594DE30A-343F-4C09-828D-65A67626A491}"
EndProject
Global
	GlobalSection(SolutionConfigurationPlatforms) = preSolution
		Debug|Any CPU = Debug|Any CPU
		Release|Any CPU = Release|Any CPU
	EndGlobalSection
	GlobalSection(ProjectConfigurationPlatforms) = postSolution
		{2A2DD3C1-9E64-4CD7-98A5-310D9FED2CA3}.Debug|Any CPU.ActiveCfg = Debug|Any CPU
		{2A2DD3C1-9E64-4CD7-98A5-310D9FED2CA3}.Debug|Any CPU.Build.0 = Debug|Any CPU
		{2A2DD3C1-9E64-4CD7-98A5-310D9FED2CA3}.Release|Any CPU.ActiveCfg = Release|Any CPU
		{2A2DD3C1-9E64-4CD7-98A5-310D9FED2CA3}.Release|Any CPU.Build.0 = Release|Any CPU
		{50646B00-03D8-4CEC-9ED1-3EF4CB199E8B}.Debug|Any CPU.ActiveCfg = Debug|Any CPU
		{50646B00-03D8-4CEC-9ED1-3EF4CB199E8B}.Debug|Any CPU.Build.0 = Debug|Any CPU
		{50646B00-03D8-4CEC-9ED1-3EF4CB199E8B}.Release|Any CPU.ActiveCfg = Release|Any CPU
		{50646B00-03D8-4CEC-9ED1-3EF4CB199E8B}.Release|Any CPU.Build.0 = Release|Any CPU
		{594DE30A-343F-4C09-828D-65A67626A491}.Debug|Any CPU.ActiveCfg = Debug|Any CPU
		{594DE30A-343F-4C09-828D-65A67626A491}.Debug|Any CPU.Build.0 = Debug|Any CPU
		{594DE30A-343F-4C09-828D-65A67626A491}.Release|Any CPU.ActiveCfg = Release|Any CPU
		{594DE30A-343F-4C09-828D-65A67626A491}.Release|Any CPU.Build.0 = Release|Any CPU
	EndGlobalSection
	GlobalSection(SolutionProperties) = preSolution
		HideSolutionNode = FALSE
	EndGlobalSection
	GlobalSection(ExtensibilityGlobals) = postSolution
		SolutionGuid = {231EF970-F537-490F-B331-FB074A426C3A}
	EndGlobalSection
EndGlobal
