
Microsoft Visual Studio Solution File, Format Version 12.00
# Visual Studio Version 16
VisualStudioVersion = 16.0.30503.244
MinimumVisualStudioVersion = 10.0.40219.1
Project("{9A19103F-16F7-4668-BE54-9A1E7A4F7556}") = "DiztinGUIsh", "DiztinGUIsh\DiztinGUIsh.csproj", "{2A2DD3C1-9E64-4CD7-98A5-310D9FED2CA3}"
EndProject
Project("{9A19103F-16F7-4668-BE54-9A1E7A4F7556}") = "Diz.Core", "Diz.Core\Diz.Core.csproj", "{50646B00-03D8-4CEC-9ED1-3EF4CB199E8B}"
EndProject
Project("{9A19103F-16F7-4668-BE54-9A1E7A4F7556}") = "Diz.Test", "Diz.Test\Diz.Test.csproj", "{594DE30A-343F-4C09-828D-65A67626A491}"
EndProject
Project("{9A19103F-16F7-4668-BE54-9A1E7A4F7556}") = "Diz.PowerShell", "Diz.PowerShell\Diz.PowerShell.csproj", "{CD406D47-9457-4ABE-9E29-24EBA9D15B53}"
EndProject
Project("{FAE04EC0-301F-11D3-BF4B-00C04F79EFBC}") = "Diz.LogWriter", "Diz.LogWriter\Diz.LogWriter.csproj", "{9E3E7B08-1B23-4F7A-82C0-591B7424A04F}"
EndProject
Project("{FAE04EC0-301F-11D3-BF4B-00C04F79EFBC}") = "Diz.Controllers", "Diz.Controllers\Diz.Controllers.csproj", "{00FA5BB3-1FC2-4B8A-A2E2-93914D9F44B2}"
EndProject
Project("{FAE04EC0-301F-11D3-BF4B-00C04F79EFBC}") = "Diz.Gui.Avalonia", "Diz.Gui.Avalonia\Diz.Gui.Avalonia.csproj", "{86EB2364-0AE6-4FBF-9EAE-E068B34BDB22}"
EndProject
Project("{FAE04EC0-301F-11D3-BF4B-00C04F79EFBC}") = "Diz.ViewModels", "Diz.ViewModels\Diz.ViewModels.csproj", "{99135B28-6D1B-4E40-90D6-8EEECFF116C6}"
EndProject
Global
	GlobalSection(SolutionConfigurationPlatforms) = preSolution
		Debug|Any CPU = Debug|Any CPU
		Release|Any CPU = Release|Any CPU
	EndGlobalSection
	GlobalSection(ProjectConfigurationPlatforms) = postSolution
		{2A2DD3C1-9E64-4CD7-98A5-310D9FED2CA3}.Debug|Any CPU.ActiveCfg = Debug|Any CPU
		{2A2DD3C1-9E64-4CD7-98A5-310D9FED2CA3}.Debug|Any CPU.Build.0 = Debug|Any CPU
		{2A2DD3C1-9E64-4CD7-98A5-310D9FED2CA3}.Release|Any CPU.ActiveCfg = Release|Any CPU
		{2A2DD3C1-9E64-4CD7-98A5-310D9FED2CA3}.Release|Any CPU.Build.0 = Release|Any CPU
		{50646B00-03D8-4CEC-9ED1-3EF4CB199E8B}.Debug|Any CPU.ActiveCfg = Debug|Any CPU
		{50646B00-03D8-4CEC-9ED1-3EF4CB199E8B}.Debug|Any CPU.Build.0 = Debug|Any CPU
		{50646B00-03D8-4CEC-9ED1-3EF4CB199E8B}.Release|Any CPU.ActiveCfg = Release|Any CPU
		{50646B00-03D8-4CEC-9ED1-3EF4CB199E8B}.Release|Any CPU.Build.0 = Release|Any CPU
		{594DE30A-343F-4C09-828D-65A67626A491}.Debug|Any CPU.ActiveCfg = Debug|Any CPU
		{594DE30A-343F-4C09-828D-65A67626A491}.Debug|Any CPU.Build.0 = Debug|Any CPU
		{594DE30A-343F-4C09-828D-65A67626A491}.Release|Any CPU.ActiveCfg = Release|Any CPU
		{594DE30A-343F-4C09-828D-65A67626A491}.Release|Any CPU.Build.0 = Release|Any CPU
		{CD406D47-9457-4ABE-9E29-24EBA9D15B53}.Debug|Any CPU.ActiveCfg = Debug|Any CPU
		{CD406D47-9457-4ABE-9E29-24EBA9D15B53}.Debug|Any CPU.Build.0 = Debug|Any CPU
		{CD406D47-9457-4ABE-9E29-24EBA9D15B53}.Release|Any CPU.ActiveCfg = Release|Any CPU
		{CD406D47-9457-4ABE-9E29-24EBA9D15B53}.Release|Any CPU.Build.0 = Release|Any CPU
		{9E3E7B08-1B23-4F7A-82C0-591B7424A04F}.Debug|Any CPU.ActiveCfg = Debug|Any CPU
		{9E3E7B08-1B23-4F7A-82C0-591B7424A04F}.Debug|Any CPU.Build.0 = Debug|Any CPU
		{9E3E7B08-1B23-4F7A-82C0-591B7424A04F}.Release|Any CPU.ActiveCfg = Release|Any CPU
		{9E3E7B08-1B23-4F7A-82C0-591B7424A04F}.Release|Any CPU.Build.0 = Release|Any CPU
		{00FA5BB3-1FC2-4B8A-A2E2-93914D9F44B2}.Debug|Any CPU.ActiveCfg = Debug|Any CPU
		{00FA5BB3-1FC2-4B8A-A2E2-93914D9F44B2}.Debug|Any CPU.Build.0 = Debug|Any CPU
		{00FA5BB3-1FC2-4B8A-A2E2-93914D9F44B2}.Release|Any CPU.ActiveCfg = Release|Any CPU
		{00FA5BB3-1FC2-4B8A-A2E2-93914D9F44B2}.Release|Any CPU.Build.0 = Release|Any CPU
		{86EB2364-0AE6-4FBF-9EAE-E068B34BDB22}.Debug|Any CPU.ActiveCfg = Debug|Any CPU
		{86EB2364-0AE6-4FBF-9EAE-E068B34BDB22}.Debug|Any CPU.Build.0 = Debug|Any CPU
		{86EB2364-0AE6-4FBF-9EAE-E068B34BDB22}.Release|Any CPU.ActiveCfg = Release|Any CPU
		{86EB2364-0AE6-4FBF-9EAE-E068B34BDB22}.Release|Any CPU.Build.0 = Release|Any CPU
		{99135B28-6D1B-4E40-90D6-8EEECFF116C6}.Debug|Any CPU.ActiveCfg = Debug|Any CPU
		{99135B28-6D1B-4E40-90D6-8EEECFF116C6}.Debug|Any CPU.Build.0 = Debug|Any CPU
		{99135B28-6D1B-4E40-90D6-8EEECFF116C6}.Release|Any CPU.ActiveCfg = Release|Any CPU
		{99135B28-6D1B-4E40-90D6-8EEECFF116C6}.Release|Any CPU.Build.0 = Release|Any CPU
	EndGlobalSection
	GlobalSection(SolutionProperties) = preSolution
		HideSolutionNode = FALSE
	EndGlobalSection
	GlobalSection(ExtensibilityGlobals) = postSolution
		SolutionGuid = {231EF970-F537-490F-B331-FB074A426C3A}
	EndGlobalSection
EndGlobal
