
Microsoft Visual Studio Solution File, Format Version 12.00
# Visual Studio Version 16
VisualStudioVersion = 16.0.30503.244
MinimumVisualStudioVersion = 10.0.40219.1
Project("{FAE04EC0-301F-11D3-BF4B-00C04F79EFBC}") = "DiztinGUIsh", "DiztinGUIsh\DiztinGUIsh.csproj", "{2A2DD3C1-9E64-4CD7-98A5-310D9FED2CA3}"
EndProject
Project("{FAE04EC0-301F-11D3-BF4B-00C04F79EFBC}") = "Diz.Core", "Diz.Core\Diz.Core.csproj", "{50646B00-03D8-4CEC-9ED1-3EF4CB199E8B}"
EndProject
Project("{FAE04EC0-301F-11D3-BF4B-00C04F79EFBC}") = "Diz.Test", "Diz.Test\Diz.Test.csproj", "{594DE30A-343F-4C09-828D-65A67626A491}"
EndProject
Project("{FAE04EC0-301F-11D3-BF4B-00C04F79EFBC}") = "Diz.PowerShell", "Diz.PowerShell\Diz.PowerShell.csproj", "{90309EF0-855F-4B9C-B501-53C5BF1E72BD}"
EndProject
Project("{FAE04EC0-301F-11D3-BF4B-00C04F79EFBC}") = "Diz.LogWriter", "Diz.LogWriter\Diz.LogWriter.csproj", "{96859F8F-5921-409C-A7A2-ECECDE5F70A7}"
EndProject
Project("{FAE04EC0-301F-11D3-BF4B-00C04F79EFBC}") = "Diz.Controllers", "Diz.Controllers\Diz.Controllers\Diz.Controllers.csproj", "{B2213BCE-F70F-423F-BB55-0744243FAD43}"
EndProject
Project("{FAE04EC0-301F-11D3-BF4B-00C04F79EFBC}") = "Diz.Core.Interfaces", "Diz.Core.Interfaces\Diz.Core.Interfaces.csproj", "{E5AA827C-2194-4126-A1C2-0A5F9B9F653C}"
EndProject
Project("{FAE04EC0-301F-11D3-BF4B-00C04F79EFBC}") = "Diz.Ui.Winforms", "Diz.Ui.Winforms\Diz.Ui.Winforms\Diz.Ui.Winforms.csproj", "{CCB93C20-0A89-473A-888A-B8C8D23276E7}"
EndProject
Project("{FAE04EC0-301F-11D3-BF4B-00C04F79EFBC}") = "Diz.Import", "Diz.Import\Diz.Import.csproj", "{A2303006-DBCD-4C5C-8360-C3EBC085C493}"
EndProject
Project("{FAE04EC0-301F-11D3-BF4B-00C04F79EFBC}") = "Diz.Cpu.65816", "Diz.Cpu.65816\Diz.Cpu.65816.csproj", "{80D19FA4-BD5B-4189-8F0B-8A634A6738DD}"
EndProject
Project("{FAE04EC0-301F-11D3-BF4B-00C04F79EFBC}") = "Diz.Ui.Winforms.Test", "Diz.Ui.Winforms\Diz.Ui.Winforms.Tests\Diz.Ui.Winforms.Test\Diz.Ui.Winforms.Test.csproj", "{1D02D3F9-DA94-4930-9D2A-8B59CABB13A0}"
	ProjectSection(ProjectDependencies) = postProject
		{594DE30A-343F-4C09-828D-65A67626A491} = {594DE30A-343F-4C09-828D-65A67626A491}
		{CCB93C20-0A89-473A-888A-B8C8D23276E7} = {CCB93C20-0A89-473A-888A-B8C8D23276E7}
		{2A2DD3C1-9E64-4CD7-98A5-310D9FED2CA3} = {2A2DD3C1-9E64-4CD7-98A5-310D9FED2CA3}
	EndProjectSection
EndProject
Global
	GlobalSection(SolutionConfigurationPlatforms) = preSolution
		Debug|Any CPU = Debug|Any CPU
		Release|Any CPU = Release|Any CPU
	EndGlobalSection
	GlobalSection(ProjectConfigurationPlatforms) = postSolution
		{2A2DD3C1-9E64-4CD7-98A5-310D9FED2CA3}.Debug|Any CPU.ActiveCfg = Debug|Any CPU
		{2A2DD3C1-9E64-4CD7-98A5-310D9FED2CA3}.Debug|Any CPU.Build.0 = Debug|Any CPU
		{2A2DD3C1-9E64-4CD7-98A5-310D9FED2CA3}.Release|Any CPU.ActiveCfg = Release|Any CPU
		{2A2DD3C1-9E64-4CD7-98A5-310D9FED2CA3}.Release|Any CPU.Build.0 = Release|Any CPU
		{50646B00-03D8-4CEC-9ED1-3EF4CB199E8B}.Debug|Any CPU.ActiveCfg = Debug|Any CPU
		{50646B00-03D8-4CEC-9ED1-3EF4CB199E8B}.Debug|Any CPU.Build.0 = Debug|Any CPU
		{50646B00-03D8-4CEC-9ED1-3EF4CB199E8B}.Release|Any CPU.ActiveCfg = Release|Any CPU
		{50646B00-03D8-4CEC-9ED1-3EF4CB199E8B}.Release|Any CPU.Build.0 = Release|Any CPU
		{594DE30A-343F-4C09-828D-65A67626A491}.Debug|Any CPU.ActiveCfg = Debug|Any CPU
		{594DE30A-343F-4C09-828D-65A67626A491}.Debug|Any CPU.Build.0 = Debug|Any CPU
		{594DE30A-343F-4C09-828D-65A67626A491}.Release|Any CPU.ActiveCfg = Release|Any CPU
		{594DE30A-343F-4C09-828D-65A67626A491}.Release|Any CPU.Build.0 = Release|Any CPU
		{90309EF0-855F-4B9C-B501-53C5BF1E72BD}.Debug|Any CPU.ActiveCfg = Debug|Any CPU
		{90309EF0-855F-4B9C-B501-53C5BF1E72BD}.Debug|Any CPU.Build.0 = Debug|Any CPU
		{90309EF0-855F-4B9C-B501-53C5BF1E72BD}.Release|Any CPU.ActiveCfg = Release|Any CPU
		{90309EF0-855F-4B9C-B501-53C5BF1E72BD}.Release|Any CPU.Build.0 = Release|Any CPU
		{96859F8F-5921-409C-A7A2-ECECDE5F70A7}.Debug|Any CPU.ActiveCfg = Debug|Any CPU
		{96859F8F-5921-409C-A7A2-ECECDE5F70A7}.Debug|Any CPU.Build.0 = Debug|Any CPU
		{96859F8F-5921-409C-A7A2-ECECDE5F70A7}.Release|Any CPU.ActiveCfg = Release|Any CPU
		{96859F8F-5921-409C-A7A2-ECECDE5F70A7}.Release|Any CPU.Build.0 = Release|Any CPU
		{B2213BCE-F70F-423F-BB55-0744243FAD43}.Debug|Any CPU.ActiveCfg = Debug|Any CPU
		{B2213BCE-F70F-423F-BB55-0744243FAD43}.Debug|Any CPU.Build.0 = Debug|Any CPU
		{B2213BCE-F70F-423F-BB55-0744243FAD43}.Release|Any CPU.ActiveCfg = Release|Any CPU
		{B2213BCE-F70F-423F-BB55-0744243FAD43}.Release|Any CPU.Build.0 = Release|Any CPU
		{E5AA827C-2194-4126-A1C2-0A5F9B9F653C}.Debug|Any CPU.ActiveCfg = Debug|Any CPU
		{E5AA827C-2194-4126-A1C2-0A5F9B9F653C}.Debug|Any CPU.Build.0 = Debug|Any CPU
		{E5AA827C-2194-4126-A1C2-0A5F9B9F653C}.Release|Any CPU.ActiveCfg = Release|Any CPU
		{E5AA827C-2194-4126-A1C2-0A5F9B9F653C}.Release|Any CPU.Build.0 = Release|Any CPU
		{CCB93C20-0A89-473A-888A-B8C8D23276E7}.Debug|Any CPU.ActiveCfg = Debug|Any CPU
		{CCB93C20-0A89-473A-888A-B8C8D23276E7}.Debug|Any CPU.Build.0 = Debug|Any CPU
		{CCB93C20-0A89-473A-888A-B8C8D23276E7}.Release|Any CPU.ActiveCfg = Release|Any CPU
		{CCB93C20-0A89-473A-888A-B8C8D23276E7}.Release|Any CPU.Build.0 = Release|Any CPU
		{A2303006-DBCD-4C5C-8360-C3EBC085C493}.Debug|Any CPU.ActiveCfg = Debug|Any CPU
		{A2303006-DBCD-4C5C-8360-C3EBC085C493}.Debug|Any CPU.Build.0 = Debug|Any CPU
		{A2303006-DBCD-4C5C-8360-C3EBC085C493}.Release|Any CPU.ActiveCfg = Release|Any CPU
		{A2303006-DBCD-4C5C-8360-C3EBC085C493}.Release|Any CPU.Build.0 = Release|Any CPU
		{80D19FA4-BD5B-4189-8F0B-8A634A6738DD}.Debug|Any CPU.ActiveCfg = Debug|Any CPU
		{80D19FA4-BD5B-4189-8F0B-8A634A6738DD}.Debug|Any CPU.Build.0 = Debug|Any CPU
		{80D19FA4-BD5B-4189-8F0B-8A634A6738DD}.Release|Any CPU.ActiveCfg = Release|Any CPU
		{80D19FA4-BD5B-4189-8F0B-8A634A6738DD}.Release|Any CPU.Build.0 = Release|Any CPU
		{1D02D3F9-DA94-4930-9D2A-8B59CABB13A0}.Debug|Any CPU.ActiveCfg = Debug|Any CPU
		{1D02D3F9-DA94-4930-9D2A-8B59CABB13A0}.Debug|Any CPU.Build.0 = Debug|Any CPU
		{1D02D3F9-DA94-4930-9D2A-8B59CABB13A0}.Release|Any CPU.ActiveCfg = Release|Any CPU
		{1D02D3F9-DA94-4930-9D2A-8B59CABB13A0}.Release|Any CPU.Build.0 = Release|Any CPU
	EndGlobalSection
	GlobalSection(SolutionProperties) = preSolution
		HideSolutionNode = FALSE
	EndGlobalSection
	GlobalSection(ExtensibilityGlobals) = postSolution
		SolutionGuid = {231EF970-F537-490F-B331-FB074A426C3A}
	EndGlobalSection
EndGlobal
