{
  "version": 1,
  "dependencies": {
    "net10.0": {
      "LightInject": {
        "type": "Direct",
        "requested": "[6.6.4, )",
        "resolved": "6.6.4",
        "contentHash": "xId1F9OpzVvyNu3wcdPR4EcNUihcT5U9wiUJOi0tetuDOia1uAiFJzqmYGdRPsqAsgDb6o8sfoQCx5yMFFDsVw=="
      },
      "CsvHelper": {
        "type": "Transitive",
        "resolved": "30.0.3",
        "contentHash": "OK4xEoPKFZYZ2Km+ZTGRxuLo33u+ipKVCC9ICCGn5JRiAmPLRsCPZ/shL3HKGPwS33MQSPcPHigI4HnX3Q47yg=="
      },
      "ExtendedXmlSerializer": {
        "type": "Transitive",
        "resolved": "3.9.6",
        "contentHash": "kwnF5RjDwzle4cpUN4AWOCBAbntCkLQez5SIl2cY6hamWL33vEYu5Pp35BKkg/oklXnvaYobzJrFezRi9dl9tA==",
        "dependencies": {
          "LightInject": "6.6.1",
          "NReco.LambdaParser": "1.0.12",
          "Sprache": "2.3.1"
        }
      },
      "FluentValidation": {
        "type": "Transitive",
        "resolved": "11.9.0",
        "contentHash": "VneVlTvwYDkfHV5av3QrQ0amALgrLX6LV94wlYyEsh0B/klJBW7C8y2eAtj5tOZ3jH6CAVpr4s1ZGgew/QWyig=="
      },
      "JetBrains.Annotations": {
        "type": "Transitive",
        "resolved": "2023.3.0",
        "contentHash": "PHfnvdBUdGaTVG9bR/GEfxgTwWM0Z97Y6X3710wiljELBISipSfF5okn/vz+C2gfO+ihoEyVPjaJwn8ZalVukA=="
      },
      "JetBrains.FormatRipper": {
        "type": "Transitive",
        "resolved": "2.0.1",
        "contentHash": "9J+lWdztAczSqwgvOfMiTxEaaV6ONXY27Hq9VGbgzr9sUX8F5HCSvnd2/4J9xD1US4VL+ZPrREyRBl9NNbSGbw==",
        "dependencies": {
          "NETStandard.Library": "1.6.1"
        }
      },
      "JetBrains.HabitatDetector": {
        "type": "Transitive",
        "resolved": "1.0.2",
        "contentHash": "WQfQekJ2+BxM6+5anNhYWLyd6F4CRHW7pj8YoRXe6M5MDfPsZdYP0epx1+cHJkJuf0aeTB2JRK4KeEPW4UM8AQ==",
        "dependencies": {
          "JetBrains.FormatRipper": "2.0.1"
        }
      },
      "JetBrains.Profiler.Api": {
        "type": "Transitive",
        "resolved": "1.4.0",
        "contentHash": "r5xP8m9U6uHApcMyoL5yZL/Ltqz7auBo0MaboGdQoaawNpYnYr9PC3FFe+0mNT2pyOhuAfQC7WL/Gxb8M0v1Lw==",
        "dependencies": {
          "JetBrains.HabitatDetector": "1.0.2"
        }
      },
      "JetBrains.Profiler.SelfApi": {
        "type": "Transitive",
        "resolved": "2.5.0",
        "contentHash": "8dX8vSarO04JCm4n/RhDx2w/9mzKO+KI4rXtrt8AurGrKlhTgswuLZeGw5PuYsAUsJmmJrPBxJx4pTt/SW42aQ==",
        "dependencies": {
          "JetBrains.HabitatDetector": "1.0.2",
          "JetBrains.Profiler.Api": "1.4.0"
        }
      },
      "Microsoft.NETCore.Platforms": {
        "type": "Transitive",
        "resolved": "1.1.0",
        "contentHash": "kz0PEW2lhqygehI/d6XsPCQzD7ff7gUJaVGPVETX611eadGsA3A877GdSlU0LRVMCTH/+P3o2iDTak+S08V2+A=="
      },
      "NETStandard.Library": {
        "type": "Transitive",
        "resolved": "1.6.1",
        "contentHash": "WcSp3+vP+yHNgS8EV5J7pZ9IRpeDuARBPN28by8zqff1wJQXm26PVU8L3/fYLBJVU7BtDyqNVWq2KlCVvSSR4A==",
        "dependencies": {
          "Microsoft.NETCore.Platforms": "1.1.0"
        }
      },
      "NReco.LambdaParser": {
        "type": "Transitive",
        "resolved": "1.0.12",
        "contentHash": "f1nye8fMJCYfJeR+Qb7qlcvC8et4Y4TLf2GLfaFoeISgI+yisaJkbNSGfKCpFBNeVF/iPDkyFmr4J28dv342/Q=="
      },
      "SharpZipLib": {
        "type": "Transitive",
        "resolved": "1.4.2",
        "contentHash": "yjj+3zgz8zgXpiiC3ZdF/iyTBbz2fFvMxZFEBPUcwZjIvXOf37Ylm+K58hqMfIBt5JgU/Z2uoUS67JmTLe973A=="
      },
      "Sprache": {
        "type": "Transitive",
        "resolved": "2.3.1",
        "contentHash": "Q+mXeiTxiUYG3lKYF6TS82/SyB4F2613Q1yXTMwg4jWGHEEVC3yrzHtNcI4B3qnDI0+eJsezGJ0V+cToUytHWw=="
      },
      "System.Resources.Extensions": {
        "type": "Transitive",
        "resolved": "8.0.0",
        "contentHash": "psnQ6GRQOvt+evda5C4nD5EuV49mz2Tv0DD2JDVDEbE/TKoMukxSkGJcsBJ0pajpPuFRr67syFYlkJ4Wj6A5Zw=="
      },
      "YamlDotNet": {
        "type": "Transitive",
        "resolved": "16.3.0",
        "contentHash": "SgMOdxbz8X65z8hraIs6hOEdnkH6hESTAIUa7viEngHOYaH+6q5XJmwr1+yb9vJpNQ19hCQY69xbFsLtXpobQA=="
      },
      "diz.core": {
        "type": "Project",
        "dependencies": {
          "Diz.Core.Interfaces": "[1.0.0, )",
          "ExtendedXmlSerializer": "[3.9.6, )",
          "FluentValidation": "[11.9.0, )",
          "JetBrains.Annotations": "[2023.3.0, )",
          "JetBrains.Profiler.SelfApi": "[2.5.0, )",
          "LightInject": "[6.6.4, )",
          "SharpZipLib": "[1.4.2, )",
          "System.Resources.Extensions": "[8.0.0, )"
        }
      },
      "diz.core.interfaces": {
        "type": "Project"
      },
      "diz.cpu.65816": {
        "type": "Project",
        "dependencies": {
          "Diz.Core": "[1.0.0, )",
          "Diz.Core.Interfaces": "[1.0.0, )"
        }
      },
      "diz.import": {
        "type": "Project",
        "dependencies": {
          "Diz.Core": "[1.0.0, )",
          "Diz.Cpu.65816": "[1.0.0, )"
        }
      },
      "diz.logwriter": {
        "type": "Project",
        "dependencies": {
          "CsvHelper": "[30.0.3, )",
          "Diz.Core": "[1.0.0, )",
          "Diz.Cpu.65816": "[1.0.0, )",
          "ExtendedXmlSerializer": "[3.9.6, )",
          "LightInject": "[6.6.4, )",
          "YamlDotNet": "[16.*, )"
        }
      }
    }
  }
}